PODS:
  - app_links (6.4.1):
    - Flutter
  - connectivity_plus (0.0.1):
    - Flutter
  - DKImagePickerController/Core (4.3.9):
    - DKImagePickerController/ImageDataManager
    - DKImagePickerController/Resource
  - DKImagePickerController/ImageDataManager (4.3.9)
  - DKImagePickerController/PhotoGallery (4.3.9):
    - DKImagePickerController/Core
    - DKPhotoGallery
  - DKImagePickerController/Resource (4.3.9)
  - DKPhotoGallery (0.0.19):
    - DKPhotoGallery/Core (= 0.0.19)
    - DKPhotoGallery/Model (= 0.0.19)
    - DKPhotoGallery/Preview (= 0.0.19)
    - DKPhotoGallery/Resource (= 0.0.19)
    - SDWebImage
    - SwiftyGif
  - DKPhotoGallery/Core (0.0.19):
    - DKPhotoGallery/Model
    - DKPhotoGallery/Preview
    - SDWebImage
    - SwiftyGif
  - DKPhotoGallery/Model (0.0.19):
    - SDWebImage
    - SwiftyGif
  - DKPhotoGallery/Preview (0.0.19):
    - DKPhotoGallery/Model
    - DKPhotoGallery/Resource
    - SDWebImage
    - SwiftyGif
  - DKPhotoGallery/Resource (0.0.19):
    - SDWebImage
    - SwiftyGif
  - file_picker (0.0.1):
    - DKImagePickerController/PhotoGallery
    - Flutter
  - Firebase/CoreOnly (11.15.0):
    - FirebaseCore (~> 11.15.0)
  - Firebase/Messaging (11.15.0):
    - Firebase/CoreOnly
    - FirebaseMessaging (~> 11.15.0)
  - firebase_core (3.15.2):
    - Firebase/CoreOnly (= 11.15.0)
    - Flutter
  - firebase_messaging (15.2.10):
    - Firebase/Messaging (= 11.15.0)
    - firebase_core
    - Flutter
  - FirebaseCore (11.15.0):
    - FirebaseCoreInternal (~> 11.15.0)
    - GoogleUtilities/Environment (~> 8.1)
    - GoogleUtilities/Logger (~> 8.1)
  - FirebaseCoreInternal (11.15.0):
    - "GoogleUtilities/NSData+zlib (~> 8.1)"
  - FirebaseInstallations (11.15.0):
    - FirebaseCore (~> 11.15.0)
    - GoogleUtilities/Environment (~> 8.1)
    - GoogleUtilities/UserDefaults (~> 8.1)
    - PromisesObjC (~> 2.4)
  - FirebaseMessaging (11.15.0):
    - FirebaseCore (~> 11.15.0)
    - FirebaseInstallations (~> 11.0)
    - GoogleDataTransport (~> 10.0)
    - GoogleUtilities/AppDelegateSwizzler (~> 8.1)
    - GoogleUtilities/Environment (~> 8.1)
    - GoogleUtilities/Reachability (~> 8.1)
    - GoogleUtilities/UserDefaults (~> 8.1)
    - nanopb (~> 3.30910.0)
  - Flutter (1.0.0)
  - flutter_local_notifications (0.0.1):
    - Flutter
  - flutter_secure_storage (6.0.0):
    - Flutter
  - geolocator_apple (1.2.0):
    - Flutter
    - FlutterMacOS
  - GoogleDataTransport (10.1.0):
    - nanopb (~> 3.30910.0)
    - PromisesObjC (~> 2.4)
  - GoogleUtilities/AppDelegateSwizzler (8.1.0):
    - GoogleUtilities/Environment
    - GoogleUtilities/Logger
    - GoogleUtilities/Network
    - GoogleUtilities/Privacy
  - GoogleUtilities/Environment (8.1.0):
    - GoogleUtilities/Privacy
  - GoogleUtilities/Logger (8.1.0):
    - GoogleUtilities/Environment
    - GoogleUtilities/Privacy
  - GoogleUtilities/Network (8.1.0):
    - GoogleUtilities/Logger
    - "GoogleUtilities/NSData+zlib"
    - GoogleUtilities/Privacy
    - GoogleUtilities/Reachability
  - "GoogleUtilities/NSData+zlib (8.1.0)":
    - GoogleUtilities/Privacy
  - GoogleUtilities/Privacy (8.1.0)
  - GoogleUtilities/Reachability (8.1.0):
    - GoogleUtilities/Logger
    - GoogleUtilities/Privacy
  - GoogleUtilities/UserDefaults (8.1.0):
    - GoogleUtilities/Logger
    - GoogleUtilities/Privacy
  - image_picker_ios (0.0.1):
    - Flutter
  - nanopb (3.30910.0):
    - nanopb/decode (= 3.30910.0)
    - nanopb/encode (= 3.30910.0)
  - nanopb/decode (3.30910.0)
  - nanopb/encode (3.30910.0)
  - open_filex (0.0.2):
    - Flutter
  - payu_checkoutpro_flutter (1.2.0):
    - Flutter
    - PayUIndia-CheckoutPro (~> 9.3)
  - PayUIndia-Analytics (4.1.0):
    - PayUIndia-NetworkReachability (~> 2.1)
  - PayUIndia-AssetLibrary (4.0.1)
  - PayUIndia-CardScanner (2.1.0)
  - PayUIndia-CheckoutPro (9.4.0):
    - PayUIndia-AssetLibrary (~> 4.0)
    - PayUIndia-CardScanner (~> 2.1)
    - PayUIndia-CheckoutProBase (~> 9.4)
    - PayUIndia-CommonUI (~> 2.4)
    - PayUIndia-CrashReporter (~> 4.0)
    - PayUIndia-Custom-Browser (~> 11.3)
    - PayUIndia-NativeOtpAssist (~> 5.0)
    - PayUIndia-NetworkReachability (~> 2.0)
    - PayUIndia-PayUParams (~> 7.3)
    - PayUIndia-PG-SDK (~> 12.3)
    - PayUIndia-UPICore (~> 11.3)
  - PayUIndia-CheckoutProBase (9.4.0):
    - PayUIndia-PayUParams (~> 7.3)
    - PayUIndia-PG-SDK (~> 12.3)
  - PayUIndia-CommonUI (2.4.0):
    - PayUIndia-Analytics (~> 4.0)
    - PayUIndia-CrashReporter (~> 4.0)
  - PayUIndia-CrashReporter (4.0.3)
  - PayUIndia-Custom-Browser (11.3.0):
    - PayUIndia-CommonUI (~> 2.3)
  - PayUIndia-Logger (5.0.1)
  - PayUIndia-NativeOtpAssist (5.0.1):
    - PayUIndia-Analytics (~> 4.0)
    - PayUIndia-CommonUI (~> 2.3)
    - PayUIndia-CrashReporter (~> 4.0)
    - PayUIndia-NetworkReachability (~> 2.1)
    - PayUIndia-PayUParams (~> 7.0)
  - PayUIndia-Networking (5.0.1):
    - PayUIndia-Logger (~> 5.0)
  - PayUIndia-NetworkReachability (2.1.1)
  - PayUIndia-PayUParams (7.3.0)
  - PayUIndia-PG-SDK (12.3.0):
    - PayUIndia-CrashReporter (~> 4.0)
    - PayUIndia-NetworkReachability (~> 2.1)
    - PayUIndia-PayUParams (~> 7.3)
  - PayUIndia-UPICore (11.3.0):
    - PayUIndia-CommonUI (~> 2.4)
    - PayUIndia-Networking (~> 5.0)
    - PayUIndia-PayUParams (~> 7.3)
  - permission_handler_apple (9.4.8):
    - Flutter
  - PromisesObjC (2.4.0)
  - SDWebImage (5.21.7):
    - SDWebImage/Core (= 5.21.7)
  - SDWebImage/Core (5.21.7)
  - share_plus (0.0.1):
    - Flutter
  - SwiftyGif (5.4.5)
  - url_launcher_ios (0.0.1):
    - Flutter

DEPENDENCIES:
  - app_links (from `.symlinks/plugins/app_links/ios`)
  - connectivity_plus (from `.symlinks/plugins/connectivity_plus/ios`)
  - file_picker (from `.symlinks/plugins/file_picker/ios`)
  - firebase_core (from `.symlinks/plugins/firebase_core/ios`)
  - firebase_messaging (from `.symlinks/plugins/firebase_messaging/ios`)
  - Flutter (from `Flutter`)
  - flutter_local_notifications (from `.symlinks/plugins/flutter_local_notifications/ios`)
  - flutter_secure_storage (from `.symlinks/plugins/flutter_secure_storage/ios`)
  - geolocator_apple (from `.symlinks/plugins/geolocator_apple/darwin`)
  - image_picker_ios (from `.symlinks/plugins/image_picker_ios/ios`)
  - open_filex (from `.symlinks/plugins/open_filex/ios`)
  - payu_checkoutpro_flutter (from `.symlinks/plugins/payu_checkoutpro_flutter/ios`)
  - permission_handler_apple (from `.symlinks/plugins/permission_handler_apple/ios`)
  - share_plus (from `.symlinks/plugins/share_plus/ios`)
  - url_launcher_ios (from `.symlinks/plugins/url_launcher_ios/ios`)

SPEC REPOS:
  trunk:
    - DKImagePickerController
    - DKPhotoGallery
    - Firebase
    - FirebaseCore
    - FirebaseCoreInternal
    - FirebaseInstallations
    - FirebaseMessaging
    - GoogleDataTransport
    - GoogleUtilities
    - nanopb
    - PayUIndia-Analytics
    - PayUIndia-AssetLibrary
    - PayUIndia-CardScanner
    - PayUIndia-CheckoutPro
    - PayUIndia-CheckoutProBase
    - PayUIndia-CommonUI
    - PayUIndia-CrashReporter
    - PayUIndia-Custom-Browser
    - PayUIndia-Logger
    - PayUIndia-NativeOtpAssist
    - PayUIndia-Networking
    - PayUIndia-NetworkReachability
    - PayUIndia-PayUParams
    - PayUIndia-PG-SDK
    - PayUIndia-UPICore
    - PromisesObjC
    - SDWebImage
    - SwiftyGif

EXTERNAL SOURCES:
  app_links:
    :path: ".symlinks/plugins/app_links/ios"
  connectivity_plus:
    :path: ".symlinks/plugins/connectivity_plus/ios"
  file_picker:
    :path: ".symlinks/plugins/file_picker/ios"
  firebase_core:
    :path: ".symlinks/plugins/firebase_core/ios"
  firebase_messaging:
    :path: ".symlinks/plugins/firebase_messaging/ios"
  Flutter:
    :path: Flutter
  flutter_local_notifications:
    :path: ".symlinks/plugins/flutter_local_notifications/ios"
  flutter_secure_storage:
    :path: ".symlinks/plugins/flutter_secure_storage/ios"
  geolocator_apple:
    :path: ".symlinks/plugins/geolocator_apple/darwin"
  image_picker_ios:
    :path: ".symlinks/plugins/image_picker_ios/ios"
  open_filex:
    :path: ".symlinks/plugins/open_filex/ios"
  payu_checkoutpro_flutter:
    :path: ".symlinks/plugins/payu_checkoutpro_flutter/ios"
  permission_handler_apple:
    :path: ".symlinks/plugins/permission_handler_apple/ios"
  share_plus:
    :path: ".symlinks/plugins/share_plus/ios"
  url_launcher_ios:
    :path: ".symlinks/plugins/url_launcher_ios/ios"

SPEC CHECKSUMS:
  app_links: 3dbc685f76b1693c66a6d9dd1e9ab6f73d97dc0a
  connectivity_plus: cb623214f4e1f6ef8fe7403d580fdad517d2f7dd
  DKImagePickerController: 946cec48c7873164274ecc4624d19e3da4c1ef3c
  DKPhotoGallery: b3834fecb755ee09a593d7c9e389d8b5d6deed60
  file_picker: a0560bc09d61de87f12d246fc47d2119e6ef37be
  Firebase: d99ac19b909cd2c548339c2241ecd0d1599ab02e
  firebase_core: 995454a784ff288be5689b796deb9e9fa3601818
  firebase_messaging: f4a41dd102ac18b840eba3f39d67e77922d3f707
  FirebaseCore: efb3893e5b94f32b86e331e3bd6dadf18b66568e
  FirebaseCoreInternal: 9afa45b1159304c963da48addb78275ef701c6b4
  FirebaseInstallations: 317270fec08a5d418fdbc8429282238cab3ac843
  FirebaseMessaging: 3b26e2cee503815e01c3701236b020aa9b576f09
  Flutter: cabc95a1d2626b1b06e7179b784ebcf0c0cde467
  flutter_local_notifications: 395056b3175ba4f08480a7c5de30cd36d69827e4
  flutter_secure_storage: 1ed9476fba7e7a782b22888f956cce43e2c62f13
  geolocator_apple: ab36aa0e8b7d7a2d7639b3b4e48308394e8cef5e
  GoogleDataTransport: aae35b7ea0c09004c3797d53c8c41f66f219d6a7
  GoogleUtilities: 00c88b9a86066ef77f0da2fab05f65d7768ed8e1
  image_picker_ios: e0ece4aa2a75771a7de3fa735d26d90817041326
  nanopb: fad817b59e0457d11a5dfbde799381cd727c1275
  open_filex: 432f3cd11432da3e39f47fcc0df2b1603854eff1
  payu_checkoutpro_flutter: 912291894ec1693419c6e4a8a1ed9bb64b410022
  PayUIndia-Analytics: 0cec0e6783db70080f7ca2721ae024bc26af7fb4
  PayUIndia-AssetLibrary: e40d7697c37aea55f184e29564e2f8b63a63b472
  PayUIndia-CardScanner: d6d024645e7fab58326e0d00b22ed42ca0ad5dc1
  PayUIndia-CheckoutPro: 3807ac71387743022d03175bfda297433ed43eb1
  PayUIndia-CheckoutProBase: 9baa5a5a727b05a6afffb86837e152ad7d4f34a8
  PayUIndia-CommonUI: 5e50ef5a9b33522194ace051ff5c6835e1039200
  PayUIndia-CrashReporter: f3dc6fe34a4f26d31107e508c4a9b17902c36b83
  PayUIndia-Custom-Browser: cea86601cfea2f1878e2896d37c8ab31215adb45
  PayUIndia-Logger: 50866e18a275b0726ed59afaea67b6529ab42774
  PayUIndia-NativeOtpAssist: 3c8c60c9e1b7424f9befc6cb2e29bd0fb115bb5d
  PayUIndia-Networking: 0709588fd96b6b42c1398d07471cf87ef2c0db71
  PayUIndia-NetworkReachability: 581c04b9ea3a8aaa78faef179ad819759942f381
  PayUIndia-PayUParams: dc5f3a3617fe6b41714ef789b986f95bc1012d70
  PayUIndia-PG-SDK: 37a47ba93f2123fba997447d8f9a9ec6cafb8172
  PayUIndia-UPICore: 5da911b01173e79138be9c37b33ca622b46ab807
  permission_handler_apple: 92d754bbaa7361d436db2d6c3c1c2a0fdcec462e
  PromisesObjC: f5707f49cb48b9636751c5b2e7d227e43fba9f47
  SDWebImage: e9fc87c1aab89a8ab1bbd74eba378c6f53be8abf
  share_plus: 50da8cb520a8f0f65671c6c6a99b3617ed10a58a
  SwiftyGif: 706c60cf65fa2bc5ee0313beece843c8eb8194d4
  url_launcher_ios: 7a95fa5b60cc718a708b8f2966718e93db0cef1b

PODFILE CHECKSUM: 3c63482e143d1b91d2d2560aee9fb04ecc74ac7e

COCOAPODS: 1.16.2
